
Microsoft Visual Studio Solution File, Format Version 12.00
# Visual Studio Version 17
VisualStudioVersion = 17.12.35521.163
MinimumVisualStudioVersion = 10.0.40219.1
Project("{8BC9CEB8-8B4A-11D0-8D11-00A0C91BC942}") = "Client", "Client\Client.vcxproj", "{4E3E8130-EF21-4F59-A945-BDBF5C5D57EE}"
EndProject
Project("{8BC9CEB8-8B4A-11D0-8D11-00A0C91BC942}") = "Engine", "Engine\Engine.vcxproj", "{90243D6A-5389-4B95-AD97-4A024514AF62}"
	ProjectSection(ProjectDependencies) = postProject
		{D67B80C2-6BA8-46EF-B896-0B6004A06416} = {D67B80C2-6BA8-46EF-B896-0B6004A06416}
	EndProjectSection
EndProject
Project("{8BC9CEB8-8B4A-11D0-8D11-00A0C91BC942}") = "TestRenderThread", "TestRenderThread\TestRenderThread.vcxproj", "{96D660EF-CD62-4C6A-9F45-061F01E5A2CA}"
EndProject
Project("{8BC9CEB8-8B4A-11D0-8D11-00A0C91BC942}") = "AssetManager", "AssetManager\AssetManager.vcxproj", "{0D914B36-F7B8-4020-ADC6-82CB46E2E88A}"
	ProjectSection(ProjectDependencies) = postProject
		{D67B80C2-6BA8-46EF-B896-0B6004A06416} = {D67B80C2-6BA8-46EF-B896-0B6004A06416}
	EndProjectSection
EndProject
Project("{8BC9CEB8-8B4A-11D0-8D11-00A0C91BC942}") = "RendererTest", "RendererTest\RendererTest.vcxproj", "{0365267F-2B64-4AA9-82B9-04360FC0EC5D}"
EndProject
Project("{8BC9CEB8-8B4A-11D0-8D11-00A0C91BC942}") = "SharedLib", "SharedLib\SharedLib.vcxproj", "{D67B80C2-6BA8-46EF-B896-0B6004A06416}"
EndProject
Project("{8BC9CEB8-8B4A-11D0-8D11-00A0C91BC942}") = "PhyjixEngine", "PhyjixEngine\PhyjixEngine.vcxproj", "{9DED1277-E637-41F3-9448-24C93051D5CE}"
EndProject
Project("{8BC9CEB8-8B4A-11D0-8D11-00A0C91BC942}") = "PhysXTest", "PhysXTest\PhysXTest.vcxproj", "{83884BBC-C7FD-404C-B3A2-0CB33309C263}"
EndProject
Global
	GlobalSection(SolutionConfigurationPlatforms) = preSolution
		Debug|x64 = Debug|x64
		Debug|x86 = Debug|x86
		Release|x64 = Release|x64
		Release|x86 = Release|x86
	EndGlobalSection
	GlobalSection(ProjectConfigurationPlatforms) = postSolution
		{4E3E8130-EF21-4F59-A945-BDBF5C5D57EE}.Debug|x64.ActiveCfg = Debug|x64
		{4E3E8130-EF21-4F59-A945-BDBF5C5D57EE}.Debug|x64.Build.0 = Debug|x64
		{4E3E8130-EF21-4F59-A945-BDBF5C5D57EE}.Debug|x86.ActiveCfg = Debug|Win32
		{4E3E8130-EF21-4F59-A945-BDBF5C5D57EE}.Debug|x86.Build.0 = Debug|Win32
		{4E3E8130-EF21-4F59-A945-BDBF5C5D57EE}.Release|x64.ActiveCfg = Release|x64
		{4E3E8130-EF21-4F59-A945-BDBF5C5D57EE}.Release|x64.Build.0 = Release|x64
		{4E3E8130-EF21-4F59-A945-BDBF5C5D57EE}.Release|x86.ActiveCfg = Release|Win32
		{4E3E8130-EF21-4F59-A945-BDBF5C5D57EE}.Release|x86.Build.0 = Release|Win32
		{90243D6A-5389-4B95-AD97-4A024514AF62}.Debug|x64.ActiveCfg = Debug|x64
		{90243D6A-5389-4B95-AD97-4A024514AF62}.Debug|x64.Build.0 = Debug|x64
		{90243D6A-5389-4B95-AD97-4A024514AF62}.Debug|x86.ActiveCfg = Debug|Win32
		{90243D6A-5389-4B95-AD97-4A024514AF62}.Debug|x86.Build.0 = Debug|Win32
		{90243D6A-5389-4B95-AD97-4A024514AF62}.Release|x64.ActiveCfg = Release|x64
		{90243D6A-5389-4B95-AD97-4A024514AF62}.Release|x64.Build.0 = Release|x64
		{90243D6A-5389-4B95-AD97-4A024514AF62}.Release|x86.ActiveCfg = Release|Win32
		{90243D6A-5389-4B95-AD97-4A024514AF62}.Release|x86.Build.0 = Release|Win32
		{96D660EF-CD62-4C6A-9F45-061F01E5A2CA}.Debug|x64.ActiveCfg = Debug|x64
		{96D660EF-CD62-4C6A-9F45-061F01E5A2CA}.Debug|x64.Build.0 = Debug|x64
		{96D660EF-CD62-4C6A-9F45-061F01E5A2CA}.Debug|x86.ActiveCfg = Debug|Win32
		{96D660EF-CD62-4C6A-9F45-061F01E5A2CA}.Debug|x86.Build.0 = Debug|Win32
		{96D660EF-CD62-4C6A-9F45-061F01E5A2CA}.Release|x64.ActiveCfg = Release|x64
		{96D660EF-CD62-4C6A-9F45-061F01E5A2CA}.Release|x64.Build.0 = Release|x64
		{96D660EF-CD62-4C6A-9F45-061F01E5A2CA}.Release|x86.ActiveCfg = Release|Win32
		{96D660EF-CD62-4C6A-9F45-061F01E5A2CA}.Release|x86.Build.0 = Release|Win32
		{0D914B36-F7B8-4020-ADC6-82CB46E2E88A}.Debug|x64.ActiveCfg = Debug|x64
		{0D914B36-F7B8-4020-ADC6-82CB46E2E88A}.Debug|x64.Build.0 = Debug|x64
		{0D914B36-F7B8-4020-ADC6-82CB46E2E88A}.Debug|x86.ActiveCfg = Debug|x64
		{0D914B36-F7B8-4020-ADC6-82CB46E2E88A}.Debug|x86.Build.0 = Debug|x64
		{0D914B36-F7B8-4020-ADC6-82CB46E2E88A}.Release|x64.ActiveCfg = Release|x64
		{0D914B36-F7B8-4020-ADC6-82CB46E2E88A}.Release|x64.Build.0 = Release|x64
		{0D914B36-F7B8-4020-ADC6-82CB46E2E88A}.Release|x86.ActiveCfg = Release|x64
		{0D914B36-F7B8-4020-ADC6-82CB46E2E88A}.Release|x86.Build.0 = Release|x64
		{0365267F-2B64-4AA9-82B9-04360FC0EC5D}.Debug|x64.ActiveCfg = Debug|x64
		{0365267F-2B64-4AA9-82B9-04360FC0EC5D}.Debug|x64.Build.0 = Debug|x64
		{0365267F-2B64-4AA9-82B9-04360FC0EC5D}.Debug|x86.ActiveCfg = Debug|Win32
		{0365267F-2B64-4AA9-82B9-04360FC0EC5D}.Debug|x86.Build.0 = Debug|Win32
		{0365267F-2B64-4AA9-82B9-04360FC0EC5D}.Release|x64.ActiveCfg = Release|x64
		{0365267F-2B64-4AA9-82B9-04360FC0EC5D}.Release|x64.Build.0 = Release|x64
		{0365267F-2B64-4AA9-82B9-04360FC0EC5D}.Release|x86.ActiveCfg = Release|Win32
		{0365267F-2B64-4AA9-82B9-04360FC0EC5D}.Release|x86.Build.0 = Release|Win32
		{D67B80C2-6BA8-46EF-B896-0B6004A06416}.Debug|x64.ActiveCfg = Debug|x64
		{D67B80C2-6BA8-46EF-B896-0B6004A06416}.Debug|x64.Build.0 = Debug|x64
		{D67B80C2-6BA8-46EF-B896-0B6004A06416}.Debug|x86.ActiveCfg = Debug|Win32
		{D67B80C2-6BA8-46EF-B896-0B6004A06416}.Debug|x86.Build.0 = Debug|Win32
		{D67B80C2-6BA8-46EF-B896-0B6004A06416}.Release|x64.ActiveCfg = Release|x64
		{D67B80C2-6BA8-46EF-B896-0B6004A06416}.Release|x64.Build.0 = Release|x64
		{D67B80C2-6BA8-46EF-B896-0B6004A06416}.Release|x86.ActiveCfg = Release|Win32
		{D67B80C2-6BA8-46EF-B896-0B6004A06416}.Release|x86.Build.0 = Release|Win32
		{9DED1277-E637-41F3-9448-24C93051D5CE}.Debug|x64.ActiveCfg = Debug|x64
		{9DED1277-E637-41F3-9448-24C93051D5CE}.Debug|x64.Build.0 = Debug|x64
		{9DED1277-E637-41F3-9448-24C93051D5CE}.Debug|x86.ActiveCfg = Debug|Win32
		{9DED1277-E637-41F3-9448-24C93051D5CE}.Debug|x86.Build.0 = Debug|Win32
		{9DED1277-E637-41F3-9448-24C93051D5CE}.Release|x64.ActiveCfg = Release|x64
		{9DED1277-E637-41F3-9448-24C93051D5CE}.Release|x64.Build.0 = Release|x64
		{9DED1277-E637-41F3-9448-24C93051D5CE}.Release|x86.ActiveCfg = Release|Win32
		{9DED1277-E637-41F3-9448-24C93051D5CE}.Release|x86.Build.0 = Release|Win32
		{83884BBC-C7FD-404C-B3A2-0CB33309C263}.Debug|x64.ActiveCfg = Debug|x64
		{83884BBC-C7FD-404C-B3A2-0CB33309C263}.Debug|x64.Build.0 = Debug|x64
		{83884BBC-C7FD-404C-B3A2-0CB33309C263}.Debug|x86.ActiveCfg = Debug|Win32
		{83884BBC-C7FD-404C-B3A2-0CB33309C263}.Debug|x86.Build.0 = Debug|Win32
		{83884BBC-C7FD-404C-B3A2-0CB33309C263}.Release|x64.ActiveCfg = Release|x64
		{83884BBC-C7FD-404C-B3A2-0CB33309C263}.Release|x64.Build.0 = Release|x64
		{83884BBC-C7FD-404C-B3A2-0CB33309C263}.Release|x86.ActiveCfg = Release|Win32
		{83884BBC-C7FD-404C-B3A2-0CB33309C263}.Release|x86.Build.0 = Release|Win32
	EndGlobalSection
	GlobalSection(SolutionProperties) = preSolution
		HideSolutionNode = FALSE
	EndGlobalSection
EndGlobal
