<?xml version='1.0' encoding='utf-8'?>
<Project xmlns="http://schemas.microsoft.com/developer/msbuild/2003" ToolsVersion="4.0">
	<ItemGroup>
		<Filter Include="Application">
			<UniqueIdentifier>{42C0CCFC-5D70-4047-9D8E-6EC19E54A953}</UniqueIdentifier>
		</Filter>
		<Filter Include="Application\GameApp">
			<UniqueIdentifier>{C9304F05-A080-40D5-8624-9865237D3D39}</UniqueIdentifier>
		</Filter>
		<Filter Include="Contents\GameObjects">
			<UniqueIdentifier>{D0DA3195-0C6C-4362-93F6-FDEF8E880514}</UniqueIdentifier>
		</Filter>
		<Filter Include="Contents">
			<UniqueIdentifier>{018F55D2-B5C8-4AC7-9AF3-C7D4982591F1}</UniqueIdentifier>
		</Filter>
		<Filter Include="Contents\AnimationStates">
			<UniqueIdentifier>{639056C9-B9A4-4138-83C1-147FB2D11E1B}</UniqueIdentifier>
		</Filter>
		<Filter Include="Contents\Levels">
			<UniqueIdentifier>{6C443D0D-F9E9-4F05-94D6-36AB63D503B9}</UniqueIdentifier>
		</Filter>
		<Filter Include="Contents\Prototype">
			<UniqueIdentifier>{75C9F310-284E-4E09-B8C4-06A04D0157F7}</UniqueIdentifier>
		</Filter>
		<Filter Include="Contents\Prototype\Grid">
			<UniqueIdentifier>{1CFFF8F8-87E9-49FA-A99C-0615FBB7A247}</UniqueIdentifier>
		</Filter>
		<Filter Include="Contents\Prototype\Game">
			<UniqueIdentifier>{823698B4-DE69-4D3A-9E0C-42AF269B5F09}</UniqueIdentifier>
		</Filter>
		<Filter Include="Contents\Prototype\Character">
			<UniqueIdentifier>{B93973AA-656E-4326-BCA4-1723598330B8}</UniqueIdentifier>
		</Filter>
		<Filter Include="Contents\Prototype\Bullet">
			<UniqueIdentifier>{F22C8123-6345-44DF-AE57-5BB3B323E9E4}</UniqueIdentifier>
		</Filter>
		<Filter Include="Contents\Prototype\UI">
			<UniqueIdentifier>{41154C0D-C562-4CC1-B1DE-BB37F9FB0558}</UniqueIdentifier>
		</Filter>
		<Filter Include="Contents\Prototype\UI\MainMenuUI">
			<UniqueIdentifier>{02BDBD0B-2339-4AD3-A756-2200AB39F94E}</UniqueIdentifier>
		</Filter>
	</ItemGroup>
	<ItemGroup>
		<ClInclude Include="Application\GameApp\GameApp.h">
			<Filter>Application\GameApp</Filter>
		</ClInclude>
		<ClCompile Include="Application\GameApp\GameApp.cpp">
			<Filter>Application\GameApp</Filter>
		</ClCompile>
		<ClCompile Include="Application\WinMain.cpp">
			<Filter>Application</Filter>
		</ClCompile>
		<None Include="imgui.ini" />
		<ClInclude Include="Contents\GameObjects\TestGameObject.h">
			<Filter>Contents\GameObjects</Filter>
		</ClInclude>
		<ClInclude Include="Contents\Levels\TestLevel.h">
			<Filter>Contents\Levels</Filter>
		</ClInclude>
		<ClInclude Include="Contents\AnimationStates\TestAnimationState.h">
			<Filter>Contents\AnimationStates</Filter>
		</ClInclude>
		<ClCompile Include="Contents\GameObjects\TestGameObject.cpp">
			<Filter>Contents\GameObjects</Filter>
		</ClCompile>
		<ClInclude Include="Contents\GameObjects\CameraObject.h">
			<Filter>Contents\GameObjects</Filter>
		</ClInclude>
		<ClInclude Include="Contents\Prototype\Game\FixedCameraObject.h">
			<Filter>Contents\Prototype\Game</Filter>
		</ClInclude>
		<ClInclude Include="Contents\Prototype\Game\GameLevel.h">
			<Filter>Contents\Prototype\Game</Filter>
		</ClInclude>
		<ClInclude Include="Contents\Prototype\Game\Map.h">
			<Filter>Contents\Prototype\Game</Filter>
		</ClInclude>
		<ClInclude Include="Contents\Prototype\Bullet\Bullet.h">
			<Filter>Contents\Prototype\Bullet</Filter>
		</ClInclude>
		<ClInclude Include="Contents\Prototype\Character\Brawler.h">
			<Filter>Contents\Prototype\Character</Filter>
		</ClInclude>
		<ClInclude Include="Contents\Prototype\Character\Character.h">
			<Filter>Contents\Prototype\Character</Filter>
		</ClInclude>
		<ClInclude Include="Contents\Prototype\Character\Civilian.h">
			<Filter>Contents\Prototype\Character</Filter>
		</ClInclude>
		<ClInclude Include="Contents\Prototype\Character\Gunman.h">
			<Filter>Contents\Prototype\Character</Filter>
		</ClInclude>
		<ClInclude Include="Contents\Prototype\Character\Slasher.h">
			<Filter>Contents\Prototype\Character</Filter>
		</ClInclude>
		<ClInclude Include="Contents\Prototype\Grid\CellObject.h">
			<Filter>Contents\Prototype\Grid</Filter>
		</ClInclude>
		<ClInclude Include="Contents\Prototype\Grid\GridLevel.h">
			<Filter>Contents\Prototype\Grid</Filter>
		</ClInclude>
		<ClInclude Include="Contents\Prototype\Grid\GridObject.h">
			<Filter>Contents\Prototype\Grid</Filter>
		</ClInclude>
		<ClCompile Include="Contents\AnimationStates\GunFireActionState.cpp">
			<Filter>Contents\AnimationStates</Filter>
		</ClCompile>
		<ClCompile Include="Contents\Prototype\Character\Gunman.cpp">
			<Filter>Contents\Prototype\Character</Filter>
		</ClCompile>
		<ClCompile Include="Contents\Prototype\Character\Slasher.cpp">
			<Filter>Contents\Prototype\Character</Filter>
		</ClCompile>
		<ClInclude Include="Contents\AnimationStates\SlashActionState.h">
			<Filter>Contents\AnimationStates</Filter>
		</ClInclude>
		<ClInclude Include="Contents\AnimationStates\SlashReadyState.h">
			<Filter>Contents\AnimationStates</Filter>
		</ClInclude>
		<ClCompile Include="Contents\Prototype\Character\Civilian.cpp">
			<Filter>Contents\Prototype\Character</Filter>
		</ClCompile>
		<ClCompile Include="Contents\AnimationStates\GunFireReady1State.cpp">
			<Filter>Contents\AnimationStates</Filter>
		</ClCompile>
		<ClCompile Include="Contents\Prototype\Bullet\Bullet.cpp">
			<Filter>Contents\Prototype\Bullet</Filter>
		</ClCompile>
		<ClCompile Include="Contents\Prototype\Grid\GridLevel.cpp">
			<Filter>Contents\Prototype\Grid</Filter>
		</ClCompile>
		<ClCompile Include="Contents\Prototype\Character\Character.cpp">
			<Filter>Contents\Prototype\Character</Filter>
		</ClCompile>
		<ClCompile Include="Contents\Prototype\Game\Map.cpp">
			<Filter>Contents\Prototype\Game</Filter>
		</ClCompile>
		<ClCompile Include="Contents\AnimationStates\SlashReadyState.cpp">
			<Filter>Contents\AnimationStates</Filter>
		</ClCompile>
		<ClCompile Include="Contents\AnimationStates\SlashActionState.cpp">
			<Filter>Contents\AnimationStates</Filter>
		</ClCompile>
		<ClCompile Include="Contents\Prototype\Grid\GridObject.cpp">
			<Filter>Contents\Prototype\Grid</Filter>
		</ClCompile>
		<ClInclude Include="Contents\AnimationStates\BrawlerActionState.h">
			<Filter>Contents\AnimationStates</Filter>
		</ClInclude>
		<ClInclude Include="Contents\AnimationStates\GunFireActionState.h">
			<Filter>Contents\AnimationStates</Filter>
		</ClInclude>
		<ClCompile Include="Contents\AnimationStates\BrawlerActionState.cpp">
			<Filter>Contents\AnimationStates</Filter>
		</ClCompile>
		<ClCompile Include="Contents\AnimationStates\DeadState.cpp">
			<Filter>Contents\AnimationStates</Filter>
		</ClCompile>
		<ClInclude Include="Contents\AnimationStates\GunFireReady2State.h">
			<Filter>Contents\AnimationStates</Filter>
		</ClInclude>
		<ClInclude Include="Contents\AnimationStates\DeadState.h">
			<Filter>Contents\AnimationStates</Filter>
		</ClInclude>
		<ClInclude Include="Contents\AnimationStates\IdleState.h">
			<Filter>Contents\AnimationStates</Filter>
		</ClInclude>
		<ClCompile Include="Contents\GameObjects\CameraObject.cpp">
			<Filter>Contents\GameObjects</Filter>
		</ClCompile>
		<ClCompile Include="Contents\Prototype\Game\FixedCameraObject.cpp">
			<Filter>Contents\Prototype\Game</Filter>
		</ClCompile>
		<ClCompile Include="Contents\AnimationStates\GunFireReady2State.cpp">
			<Filter>Contents\AnimationStates</Filter>
		</ClCompile>
		<ClCompile Include="Contents\AnimationStates\IdleState.cpp">
			<Filter>Contents\AnimationStates</Filter>
		</ClCompile>
		<ClCompile Include="Contents\Prototype\Game\GameLevel.cpp">
			<Filter>Contents\Prototype\Game</Filter>
		</ClCompile>
		<ClCompile Include="Contents\Prototype\Grid\CellObject.cpp">
			<Filter>Contents\Prototype\Grid</Filter>
		</ClCompile>
		<ClInclude Include="Contents\AnimationStates\GunFireReady1State.h">
			<Filter>Contents\AnimationStates</Filter>
		</ClInclude>
		<ClCompile Include="Contents\AnimationStates\TestGameObject.cpp">
			<Filter>Contents\AnimationStates</Filter>
		</ClCompile>
		<ClCompile Include="Contents\Prototype\Character\Brawler.cpp">
			<Filter>Contents\Prototype\Character</Filter>
		</ClCompile>
		<ClInclude Include="Contents\Prototype\UI\TestUI.h">
			<Filter>Contents\Prototype\UI</Filter>
		</ClInclude>
		<ClCompile Include="Contents\Prototype\UI\TestUI.cpp">
			<Filter>Contents\Prototype\UI</Filter>
		</ClCompile>
		<ClInclude Include="Contents\Prototype\UI\MainMenuUI\MainMenuUI.h">
			<Filter>Contents\Prototype\UI\MainMenuUI</Filter>
		</ClInclude>
		<ClCompile Include="Contents\Prototype\UI\MainMenuUI\MainMenuUI.cpp">
			<Filter>Contents\Prototype\UI\MainMenuUI</Filter>
		</ClCompile>
	</ItemGroup>
	<ItemGroup>
		<ClCompile Include="Contents\GameObjects\TestGameObject.cpp" />
		<ClCompile Include="Contents\GameObjects\CameraObject.cpp" />
		<ClCompile Include="Contents\Prototype\Game\FixedCameraObject.cpp" />
		<ClCompile Include="Contents\Prototype\Game\GameLevel.cpp" />
		<ClCompile Include="Contents\Prototype\Game\Map.cpp" />
		<ClCompile Include="Contents\Prototype\Bullet\Bullet.cpp" />
		<ClCompile Include="Contents\Prototype\Character\Brawler.cpp" />
		<ClCompile Include="Contents\Prototype\Character\Character.cpp" />
		<ClCompile Include="Contents\Prototype\Character\Civilian.cpp" />
		<ClCompile Include="Contents\Prototype\Character\Gunman.cpp" />
		<ClCompile Include="Contents\Prototype\Character\Slasher.cpp" />
		<ClCompile Include="Contents\Prototype\Grid\CellObject.cpp" />
		<ClCompile Include="Contents\Prototype\Grid\GridLevel.cpp" />
		<ClCompile Include="Contents\Prototype\Grid\GridObject.cpp" />
		<ClCompile Include="Contents\Prototype\UI\TestUI.cpp" />
		<ClCompile Include="Contents\Prototype\UI\MainMenuUI\MainMenuUI.cpp" />
	</ItemGroup>
</Project>