<?xml version="1.0" encoding="utf-8"?>
<Project ToolsVersion="4.0" xmlns="http://schemas.microsoft.com/developer/msbuild/2003">
  <ItemGroup>
    <Filter Include="Source Files">
      <UniqueIdentifier>{4FC737F1-C7A5-4376-A066-2A32D752A2FF}</UniqueIdentifier>
      <Extensions>qml;cpp;c;cc;cxx;def;odl;idl;hpj;bat;asm;asmx</Extensions>
    </Filter>
    <Filter Include="Header Files">
      <UniqueIdentifier>{93995380-89BD-4b04-88EB-625FBE52EBFB}</UniqueIdentifier>
      <Extensions>h;hh;hpp;hxx;hm;inl;inc;xsd</Extensions>
    </Filter>
    <Filter Include="Resource Files">
      <UniqueIdentifier>{67DA6AB6-F800-4c08-8B7A-83BB121AAD01}</UniqueIdentifier>
      <Extensions>qrc;rc;ico;cur;bmp;dlg;rc2;rct;bin;rgs;gif;jpg;jpeg;jpe;resx;tiff;tif;png;wav;mfcribbon-ms</Extensions>
    </Filter>
    <Filter Include="Form Files">
      <UniqueIdentifier>{99349809-55BA-4b9d-BF79-8FDBB0286EB3}</UniqueIdentifier>
      <Extensions>ui</Extensions>
    </Filter>
    <Filter Include="Translation Files">
      <UniqueIdentifier>{639EADAA-A684-42e4-A9AD-28FC9BCB8F7C}</UniqueIdentifier>
      <Extensions>ts</Extensions>
    </Filter>
    <Filter Include="Texture Exporter">
      <UniqueIdentifier>{8a40e666-07c9-45dd-a3d9-29fd4fbd485c}</UniqueIdentifier>
    </Filter>
    <Filter Include="External">
      <UniqueIdentifier>{2c90ed1c-d48e-4228-99c9-7e12ce1a3b59}</UniqueIdentifier>
    </Filter>
    <Filter Include="Dialogs">
      <UniqueIdentifier>{c8507a83-4cb3-44d2-b927-1b1d718c7f79}</UniqueIdentifier>
    </Filter>
    <Filter Include="Model Exporter">
      <UniqueIdentifier>{784f27a9-c4f8-4190-afef-de26b98da70b}</UniqueIdentifier>
    </Filter>
    <Filter Include="Generated">
      <UniqueIdentifier>{2b5b353c-d0a6-44c6-a466-9f41ce6e84e6}</UniqueIdentifier>
    </Filter>
  </ItemGroup>
  <ItemGroup>
    <QtRcc Include="AssetManager.qrc">
      <Filter>Resource Files</Filter>
    </QtRcc>
    <QtUic Include="AssetManager.ui">
      <Filter>Form Files</Filter>
    </QtUic>
    <QtMoc Include="AssetManager.h">
      <Filter>Header Files</Filter>
    </QtMoc>
    <ClCompile Include="AssetManager.cpp">
      <Filter>Source Files</Filter>
    </ClCompile>
    <None Include="AssetManager.ico">
      <Filter>Resource Files</Filter>
    </None>
    <ResourceCompile Include="AssetManager.rc">
      <Filter>Resource Files</Filter>
    </ResourceCompile>
  </ItemGroup>
  <ItemGroup>
    <ClCompile Include="main.cpp">
      <Filter>Source Files</Filter>
    </ClCompile>
    <ClCompile Include="UUID.cpp">
      <Filter>Source Files</Filter>
    </ClCompile>
    <ClCompile Include="TextureExport.cpp">
      <Filter>Texture Exporter</Filter>
    </ClCompile>
    <ClCompile Include="nv_dds.cpp">
      <Filter>External</Filter>
    </ClCompile>
    <ClCompile Include="texture_formats.cpp">
      <Filter>External</Filter>
    </ClCompile>
    <ClCompile Include="TextureImportDialog.cpp">
      <Filter>Dialogs</Filter>
    </ClCompile>
    <ClCompile Include="ModelExport.cpp">
      <Filter>Model Exporter</Filter>
    </ClCompile>
    <ClCompile Include="QtModelImportDialog.cpp">
      <Filter>Dialogs</Filter>
    </ClCompile>
  </ItemGroup>
  <ItemGroup>
    <ClInclude Include="UUID.h">
      <Filter>Header Files</Filter>
    </ClInclude>
    <ClInclude Include="ImageFormatEnum.h">
      <Filter>Header Files</Filter>
    </ClInclude>
    <ClInclude Include="TextureExport.h">
      <Filter>Texture Exporter</Filter>
    </ClInclude>
    <ClInclude Include="nvtt\nvtt_wrapper.h">
      <Filter>External</Filter>
    </ClInclude>
    <ClInclude Include="nvtt\nvtt_lowlevel.h">
      <Filter>External</Filter>
    </ClInclude>
    <ClInclude Include="nvtt\nvtt.h">
      <Filter>External</Filter>
    </ClInclude>
    <ClInclude Include="nv_dds.h">
      <Filter>External</Filter>
    </ClInclude>
    <ClInclude Include="texture_formats.h">
      <Filter>External</Filter>
    </ClInclude>
    <ClInclude Include="ModelExport.h">
      <Filter>Model Exporter</Filter>
    </ClInclude>
    <ClInclude Include="model_generated.h">
      <Filter>Generated</Filter>
    </ClInclude>
  </ItemGroup>
  <ItemGroup>
    <QtUic Include="TextureImportDialog.ui">
      <Filter>Form Files</Filter>
    </QtUic>
    <QtUic Include="QtModelImportDialog.ui">
      <Filter>Form Files</Filter>
    </QtUic>
  </ItemGroup>
  <ItemGroup>
    <QtMoc Include="TextureImportDialog.h">
      <Filter>Dialogs</Filter>
    </QtMoc>
    <QtMoc Include="QtModelImportDialog.h">
      <Filter>Dialogs</Filter>
    </QtMoc>
  </ItemGroup>
</Project>