<?xml version='1.0' encoding='utf-8'?>
<Project xmlns="http://schemas.microsoft.com/developer/msbuild/2003" ToolsVersion="4.0">
	<ItemGroup>
		<Filter Include="Application\GameApp">
			<UniqueIdentifier>{6CFCF756-2A93-418E-A049-8B4657BA260F}</UniqueIdentifier>
		</Filter>
		<Filter Include="Application">
			<UniqueIdentifier>{716893F1-BBE4-4BAF-B3DC-8FA0CD61817D}</UniqueIdentifier>
		</Filter>
		<Filter Include="Contents">
			<UniqueIdentifier>{E60D4D6D-535D-420E-AA47-2AA3E073F691}</UniqueIdentifier>
		</Filter>
		<Filter Include="Contents\AnimationStates">
			<UniqueIdentifier>{F4C66AE7-7291-4A5A-BF82-CC0B533ED83B}</UniqueIdentifier>
		</Filter>
		<Filter Include="Contents\Levels">
			<UniqueIdentifier>{45481D54-5FCE-446C-9455-FC9A59C0D243}</UniqueIdentifier>
		</Filter>
		<Filter Include="Contents\GameObjects">
			<UniqueIdentifier>{E9F8EA90-3982-4632-8F20-467B51F13F50}</UniqueIdentifier>
		</Filter>
	</ItemGroup>
	<ItemGroup>
		<ClInclude Include="Application\GameApp\GameApp.h">
			<Filter>Application\GameApp</Filter>
		</ClInclude>
		<None Include="imgui.ini" />
		<ClCompile Include="Application\GameApp\GameApp.cpp">
			<Filter>Application\GameApp</Filter>
		</ClCompile>
		<ClCompile Include="Application\WinMain.cpp">
			<Filter>Application</Filter>
		</ClCompile>
		<ClInclude Include="Contents\AnimationStates\TestAnimationState.h">
			<Filter>Contents\AnimationStates</Filter>
		</ClInclude>
		<ClInclude Include="Contents\GameObjects\TestGameObject.h">
			<Filter>Contents\GameObjects</Filter>
		</ClInclude>
		<ClInclude Include="Contents\Levels\TestLevel.h">
			<Filter>Contents\Levels</Filter>
		</ClInclude>
	</ItemGroup>
</Project>